
Microsoft Visual Studio Solution File, Format Version 12.00
# Visual Studio Version 17
VisualStudioVersion = 17.2.32616.157
MinimumVisualStudioVersion = 10.0.40219.1
Project("{FAE04EC0-301F-11D3-BF4B-00C04F79EFBC}") = "solutionApp", "solutionApp.csproj", "{7ABBD11E-F71F-472E-AF49-BD97605E3761}"
EndProject
Global
	GlobalSection(SolutionConfigurationPlatforms) = preSolution
		Debug|Any CPU = Debug|Any CPU
		Release|Any CPU = Release|Any CPU
	EndGlobalSection
	GlobalSection(ProjectConfigurationPlatforms) = postSolution
		{7ABBD11E-F71F-472E-AF49-BD97605E3761}.Debug|Any CPU.ActiveCfg = Debug|Any CPU
		{7ABBD11E-F71F-472E-AF49-BD97605E3761}.Debug|Any CPU.Build.0 = Debug|Any CPU
		{7ABBD11E-F71F-472E-AF49-BD97605E3761}.Release|Any CPU.ActiveCfg = Release|Any CPU
		{7ABBD11E-F71F-472E-AF49-BD97605E3761}.Release|Any CPU.Build.0 = Release|Any CPU
	EndGlobalSection
	GlobalSection(SolutionProperties) = preSolution
		HideSolutionNode = FALSE
	EndGlobalSection
	GlobalSection(ExtensibilityGlobals) = postSolution
		SolutionGuid = {11DE8761-0256-4F65-AC6D-B688823CA85D}
	EndGlobalSection
EndGlobal
